
Microsoft Visual Studio Solution File, Format Version 9.00
# Visual Studio 2005
Project("{E24C65DC-7377-472B-9ABA-BC803B73C61A}") = "C:\...\DEV\", "..\DEV", "{04849C99-A663-4631-A9AC-3E8D94A559C7}"
	ProjectSection(WebsiteProperties) = preProject
		Debug.AspNetCompiler.VirtualPath = "/DEV"
		Debug.AspNetCompiler.PhysicalPath = "..\DEV\"
		Debug.AspNetCompiler.TargetPath = "PrecompiledWeb\DEV\"
		Debug.AspNetCompiler.Updateable = "true"
		Debug.AspNetCompiler.ForceOverwrite = "true"
		Debug.AspNetCompiler.FixedNames = "false"
		Debug.AspNetCompiler.Debug = "True"
		Release.AspNetCompiler.VirtualPath = "/DEV"
		Release.AspNetCompiler.PhysicalPath = "..\DEV\"
		Release.AspNetCompiler.TargetPath = "PrecompiledWeb\DEV\"
		Release.AspNetCompiler.Updateable = "true"
		Release.AspNetCompiler.ForceOverwrite = "true"
		Release.AspNetCompiler.FixedNames = "false"
		Release.AspNetCompiler.Debug = "False"
		VWDPort = "4825"
	EndProjectSection
EndProject
Global
	GlobalSection(SourceCodeControl) = preSolution
		SccNumberOfProjects = 1
		SccLocalPath0 = .
	EndGlobalSection
	GlobalSection(SolutionConfigurationPlatforms) = preSolution
		Debug|.NET = Debug|.NET
	EndGlobalSection
	GlobalSection(ProjectConfigurationPlatforms) = postSolution
		{04849C99-A663-4631-A9AC-3E8D94A559C7}.Debug|.NET.ActiveCfg = Debug|.NET
		{04849C99-A663-4631-A9AC-3E8D94A559C7}.Debug|.NET.Build.0 = Debug|.NET
	EndGlobalSection
	GlobalSection(SolutionProperties) = preSolution
		HideSolutionNode = FALSE
	EndGlobalSection
EndGlobal
